
Microsoft Visual Studio Solution File, Format Version 12.00
# Visual Studio Version 16
VisualStudioVersion = 16.0.30907.101
MinimumVisualStudioVersion = 10.0.40219.1
Project("{FAE04EC0-301F-11D3-BF4B-00C04F79EFBC}") = "Lab1.1C_Sharp", "Lab1.1C_Sharp\Lab1.1C_Sharp.csproj", "{E4AC97F2-B846-4382-A229-B7427EB915B2}"
EndProject
Project("{FAE04EC0-301F-11D3-BF4B-00C04F79EFBC}") = "Lab.1.1.Test", "Lab.1.1.Test\Lab.1.1.Test.csproj", "{CBBC2788-B179-4B38-95DB-17FD773C3920}"
EndProject
Global
	GlobalSection(SolutionConfigurationPlatforms) = preSolution
		Debug|Any CPU = Debug|Any CPU
		Release|Any CPU = Release|Any CPU
	EndGlobalSection
	GlobalSection(ProjectConfigurationPlatforms) = postSolution
		{E4AC97F2-B846-4382-A229-B7427EB915B2}.Debug|Any CPU.ActiveCfg = Debug|Any CPU
		{E4AC97F2-B846-4382-A229-B7427EB915B2}.Debug|Any CPU.Build.0 = Debug|Any CPU
		{E4AC97F2-B846-4382-A229-B7427EB915B2}.Release|Any CPU.ActiveCfg = Release|Any CPU
		{E4AC97F2-B846-4382-A229-B7427EB915B2}.Release|Any CPU.Build.0 = Release|Any CPU
		{CBBC2788-B179-4B38-95DB-17FD773C3920}.Debug|Any CPU.ActiveCfg = Debug|Any CPU
		{CBBC2788-B179-4B38-95DB-17FD773C3920}.Debug|Any CPU.Build.0 = Debug|Any CPU
		{CBBC2788-B179-4B38-95DB-17FD773C3920}.Release|Any CPU.ActiveCfg = Release|Any CPU
		{CBBC2788-B179-4B38-95DB-17FD773C3920}.Release|Any CPU.Build.0 = Release|Any CPU
	EndGlobalSection
	GlobalSection(SolutionProperties) = preSolution
		HideSolutionNode = FALSE
	EndGlobalSection
	GlobalSection(ExtensibilityGlobals) = postSolution
		SolutionGuid = {8D0EE379-FFF1-4D4A-A0F1-3708919425F0}
	EndGlobalSection
EndGlobal
